
Microsoft Visual Studio Solution File, Format Version 12.00
# Visual Studio Version 17
VisualStudioVersion = 17.8.34330.188
MinimumVisualStudioVersion = 10.0.40219.1
Project("{FAE04EC0-301F-11D3-BF4B-00C04F79EFBC}") = "ListingNum_6_1", "ListingNum_6_1\ListingNum_6_1.csproj", "{6566EFA4-6A31-4842-994D-5CE0456DE63B}"
EndProject
Project("{FAE04EC0-301F-11D3-BF4B-00C04F79EFBC}") = "ListingNum_6_3", "ListingNum_6_2\ListingNum_6_3.csproj", "{5A380A13-3675-4A3C-B774-E6BCD29AD942}"
EndProject
Project("{FAE04EC0-301F-11D3-BF4B-00C04F79EFBC}") = "ListingNum_6_4", "ListingNum_6_4\ListingNum_6_4.csproj", "{0FA3BBDD-8412-48C3-AD29-A8D6FE2BD49F}"
EndProject
Project("{FAE04EC0-301F-11D3-BF4B-00C04F79EFBC}") = "ListingNum_6_5", "ListingNum_6_5\ListingNum_6_5.csproj", "{93073842-A7C1-4410-B5F2-3AB2274A5DF8}"
EndProject
Project("{FAE04EC0-301F-11D3-BF4B-00C04F79EFBC}") = "ListingNum_6_6", "ListingNum_6_6\ListingNum_6_6.csproj", "{6A062430-07C4-413C-8CE1-9B8F7D7D90C2}"
EndProject
Project("{FAE04EC0-301F-11D3-BF4B-00C04F79EFBC}") = "ListingNum_6_7", "ListingNum_6_7\ListingNum_6_7.csproj", "{3A3B43F6-A5E8-41F5-892D-B1BEDE927BC7}"
EndProject
Project("{FAE04EC0-301F-11D3-BF4B-00C04F79EFBC}") = "ListingNum_6_8", "ListingNum_6_8\ListingNum_6_8.csproj", "{F8C14C53-77A9-4AB6-853C-56A8CA580885}"
EndProject
Project("{FAE04EC0-301F-11D3-BF4B-00C04F79EFBC}") = "ListingNum_6_9", "Listing_6_9\ListingNum_6_9.csproj", "{65528CD6-F060-40CE-852D-057C1E62C855}"
EndProject
Project("{FAE04EC0-301F-11D3-BF4B-00C04F79EFBC}") = "HomeWork_6_01", "HomeWork_6_01\HomeWork_6_01.csproj", "{08936C85-CDD6-476B-B109-95CC9AC33C5F}"
EndProject
Project("{FAE04EC0-301F-11D3-BF4B-00C04F79EFBC}") = "HomeWork_6_02", "HomeWork_6_02\HomeWork_6_02.csproj", "{7D2C4C36-B0F9-48A3-BBFC-A162E9B898A7}"
EndProject
Project("{FAE04EC0-301F-11D3-BF4B-00C04F79EFBC}") = "HomeWork_6_03", "HomeWork_6_03\HomeWork_6_03.csproj", "{A259825D-132B-4663-823E-49A8700965FE}"
EndProject
Project("{FAE04EC0-301F-11D3-BF4B-00C04F79EFBC}") = "HomeWork_6_04", "HomeWork_6_04\HomeWork_6_04.csproj", "{23305AE3-C0B4-42F1-A33C-12423C1FEF68}"
EndProject
Project("{FAE04EC0-301F-11D3-BF4B-00C04F79EFBC}") = "HomeWork_6_05", "HomeWork_6_05\HomeWork_6_05.csproj", "{83419506-4F27-4F48-8304-66BB6FB9DB95}"
EndProject
Project("{FAE04EC0-301F-11D3-BF4B-00C04F79EFBC}") = "HomeWork_6_06", "HomeWork_6_06\HomeWork_6_06.csproj", "{2BF151D6-D6C1-474D-B9E0-F01925F82138}"
EndProject
Project("{FAE04EC0-301F-11D3-BF4B-00C04F79EFBC}") = "HomeWork_6_07", "HomeWork_6_07\HomeWork_6_07.csproj", "{FCC7998D-0753-4A7D-A3A9-9EC0B69986A1}"
EndProject
Project("{FAE04EC0-301F-11D3-BF4B-00C04F79EFBC}") = "HomeWork_6_08", "HomeWork_6_08\HomeWork_6_08.csproj", "{872925ED-2FD5-490C-923E-33316D4364AD}"
EndProject
Project("{FAE04EC0-301F-11D3-BF4B-00C04F79EFBC}") = "HomeWork_6_09", "HomeWork_6_09\HomeWork_6_09.csproj", "{BA67ED0D-2547-4916-B7D4-F6F2E53DE5B3}"
EndProject
Global
	GlobalSection(SolutionConfigurationPlatforms) = preSolution
		Debug|Any CPU = Debug|Any CPU
		Release|Any CPU = Release|Any CPU
	EndGlobalSection
	GlobalSection(ProjectConfigurationPlatforms) = postSolution
		{6566EFA4-6A31-4842-994D-5CE0456DE63B}.Debug|Any CPU.ActiveCfg = Debug|Any CPU
		{6566EFA4-6A31-4842-994D-5CE0456DE63B}.Debug|Any CPU.Build.0 = Debug|Any CPU
		{6566EFA4-6A31-4842-994D-5CE0456DE63B}.Release|Any CPU.ActiveCfg = Release|Any CPU
		{6566EFA4-6A31-4842-994D-5CE0456DE63B}.Release|Any CPU.Build.0 = Release|Any CPU
		{5A380A13-3675-4A3C-B774-E6BCD29AD942}.Debug|Any CPU.ActiveCfg = Debug|Any CPU
		{5A380A13-3675-4A3C-B774-E6BCD29AD942}.Debug|Any CPU.Build.0 = Debug|Any CPU
		{5A380A13-3675-4A3C-B774-E6BCD29AD942}.Release|Any CPU.ActiveCfg = Release|Any CPU
		{5A380A13-3675-4A3C-B774-E6BCD29AD942}.Release|Any CPU.Build.0 = Release|Any CPU
		{0FA3BBDD-8412-48C3-AD29-A8D6FE2BD49F}.Debug|Any CPU.ActiveCfg = Debug|Any CPU
		{0FA3BBDD-8412-48C3-AD29-A8D6FE2BD49F}.Debug|Any CPU.Build.0 = Debug|Any CPU
		{0FA3BBDD-8412-48C3-AD29-A8D6FE2BD49F}.Release|Any CPU.ActiveCfg = Release|Any CPU
		{0FA3BBDD-8412-48C3-AD29-A8D6FE2BD49F}.Release|Any CPU.Build.0 = Release|Any CPU
		{93073842-A7C1-4410-B5F2-3AB2274A5DF8}.Debug|Any CPU.ActiveCfg = Debug|Any CPU
		{93073842-A7C1-4410-B5F2-3AB2274A5DF8}.Debug|Any CPU.Build.0 = Debug|Any CPU
		{93073842-A7C1-4410-B5F2-3AB2274A5DF8}.Release|Any CPU.ActiveCfg = Release|Any CPU
		{93073842-A7C1-4410-B5F2-3AB2274A5DF8}.Release|Any CPU.Build.0 = Release|Any CPU
		{6A062430-07C4-413C-8CE1-9B8F7D7D90C2}.Debug|Any CPU.ActiveCfg = Debug|Any CPU
		{6A062430-07C4-413C-8CE1-9B8F7D7D90C2}.Debug|Any CPU.Build.0 = Debug|Any CPU
		{6A062430-07C4-413C-8CE1-9B8F7D7D90C2}.Release|Any CPU.ActiveCfg = Release|Any CPU
		{6A062430-07C4-413C-8CE1-9B8F7D7D90C2}.Release|Any CPU.Build.0 = Release|Any CPU
		{3A3B43F6-A5E8-41F5-892D-B1BEDE927BC7}.Debug|Any CPU.ActiveCfg = Debug|Any CPU
		{3A3B43F6-A5E8-41F5-892D-B1BEDE927BC7}.Debug|Any CPU.Build.0 = Debug|Any CPU
		{3A3B43F6-A5E8-41F5-892D-B1BEDE927BC7}.Release|Any CPU.ActiveCfg = Release|Any CPU
		{3A3B43F6-A5E8-41F5-892D-B1BEDE927BC7}.Release|Any CPU.Build.0 = Release|Any CPU
		{F8C14C53-77A9-4AB6-853C-56A8CA580885}.Debug|Any CPU.ActiveCfg = Debug|Any CPU
		{F8C14C53-77A9-4AB6-853C-56A8CA580885}.Debug|Any CPU.Build.0 = Debug|Any CPU
		{F8C14C53-77A9-4AB6-853C-56A8CA580885}.Release|Any CPU.ActiveCfg = Release|Any CPU
		{F8C14C53-77A9-4AB6-853C-56A8CA580885}.Release|Any CPU.Build.0 = Release|Any CPU
		{65528CD6-F060-40CE-852D-057C1E62C855}.Debug|Any CPU.ActiveCfg = Debug|Any CPU
		{65528CD6-F060-40CE-852D-057C1E62C855}.Debug|Any CPU.Build.0 = Debug|Any CPU
		{65528CD6-F060-40CE-852D-057C1E62C855}.Release|Any CPU.ActiveCfg = Release|Any CPU
		{65528CD6-F060-40CE-852D-057C1E62C855}.Release|Any CPU.Build.0 = Release|Any CPU
		{08936C85-CDD6-476B-B109-95CC9AC33C5F}.Debug|Any CPU.ActiveCfg = Debug|Any CPU
		{08936C85-CDD6-476B-B109-95CC9AC33C5F}.Debug|Any CPU.Build.0 = Debug|Any CPU
		{08936C85-CDD6-476B-B109-95CC9AC33C5F}.Release|Any CPU.ActiveCfg = Release|Any CPU
		{08936C85-CDD6-476B-B109-95CC9AC33C5F}.Release|Any CPU.Build.0 = Release|Any CPU
		{7D2C4C36-B0F9-48A3-BBFC-A162E9B898A7}.Debug|Any CPU.ActiveCfg = Debug|Any CPU
		{7D2C4C36-B0F9-48A3-BBFC-A162E9B898A7}.Debug|Any CPU.Build.0 = Debug|Any CPU
		{7D2C4C36-B0F9-48A3-BBFC-A162E9B898A7}.Release|Any CPU.ActiveCfg = Release|Any CPU
		{7D2C4C36-B0F9-48A3-BBFC-A162E9B898A7}.Release|Any CPU.Build.0 = Release|Any CPU
		{A259825D-132B-4663-823E-49A8700965FE}.Debug|Any CPU.ActiveCfg = Debug|Any CPU
		{A259825D-132B-4663-823E-49A8700965FE}.Debug|Any CPU.Build.0 = Debug|Any CPU
		{A259825D-132B-4663-823E-49A8700965FE}.Release|Any CPU.ActiveCfg = Release|Any CPU
		{A259825D-132B-4663-823E-49A8700965FE}.Release|Any CPU.Build.0 = Release|Any CPU
		{23305AE3-C0B4-42F1-A33C-12423C1FEF68}.Debug|Any CPU.ActiveCfg = Debug|Any CPU
		{23305AE3-C0B4-42F1-A33C-12423C1FEF68}.Debug|Any CPU.Build.0 = Debug|Any CPU
		{23305AE3-C0B4-42F1-A33C-12423C1FEF68}.Release|Any CPU.ActiveCfg = Release|Any CPU
		{23305AE3-C0B4-42F1-A33C-12423C1FEF68}.Release|Any CPU.Build.0 = Release|Any CPU
		{83419506-4F27-4F48-8304-66BB6FB9DB95}.Debug|Any CPU.ActiveCfg = Debug|Any CPU
		{83419506-4F27-4F48-8304-66BB6FB9DB95}.Debug|Any CPU.Build.0 = Debug|Any CPU
		{83419506-4F27-4F48-8304-66BB6FB9DB95}.Release|Any CPU.ActiveCfg = Release|Any CPU
		{83419506-4F27-4F48-8304-66BB6FB9DB95}.Release|Any CPU.Build.0 = Release|Any CPU
		{2BF151D6-D6C1-474D-B9E0-F01925F82138}.Debug|Any CPU.ActiveCfg = Debug|Any CPU
		{2BF151D6-D6C1-474D-B9E0-F01925F82138}.Debug|Any CPU.Build.0 = Debug|Any CPU
		{2BF151D6-D6C1-474D-B9E0-F01925F82138}.Release|Any CPU.ActiveCfg = Release|Any CPU
		{2BF151D6-D6C1-474D-B9E0-F01925F82138}.Release|Any CPU.Build.0 = Release|Any CPU
		{FCC7998D-0753-4A7D-A3A9-9EC0B69986A1}.Debug|Any CPU.ActiveCfg = Debug|Any CPU
		{FCC7998D-0753-4A7D-A3A9-9EC0B69986A1}.Debug|Any CPU.Build.0 = Debug|Any CPU
		{FCC7998D-0753-4A7D-A3A9-9EC0B69986A1}.Release|Any CPU.ActiveCfg = Release|Any CPU
		{FCC7998D-0753-4A7D-A3A9-9EC0B69986A1}.Release|Any CPU.Build.0 = Release|Any CPU
		{872925ED-2FD5-490C-923E-33316D4364AD}.Debug|Any CPU.ActiveCfg = Debug|Any CPU
		{872925ED-2FD5-490C-923E-33316D4364AD}.Debug|Any CPU.Build.0 = Debug|Any CPU
		{872925ED-2FD5-490C-923E-33316D4364AD}.Release|Any CPU.ActiveCfg = Release|Any CPU
		{872925ED-2FD5-490C-923E-33316D4364AD}.Release|Any CPU.Build.0 = Release|Any CPU
		{BA67ED0D-2547-4916-B7D4-F6F2E53DE5B3}.Debug|Any CPU.ActiveCfg = Debug|Any CPU
		{BA67ED0D-2547-4916-B7D4-F6F2E53DE5B3}.Debug|Any CPU.Build.0 = Debug|Any CPU
		{BA67ED0D-2547-4916-B7D4-F6F2E53DE5B3}.Release|Any CPU.ActiveCfg = Release|Any CPU
		{BA67ED0D-2547-4916-B7D4-F6F2E53DE5B3}.Release|Any CPU.Build.0 = Release|Any CPU
	EndGlobalSection
	GlobalSection(SolutionProperties) = preSolution
		HideSolutionNode = FALSE
	EndGlobalSection
	GlobalSection(ExtensibilityGlobals) = postSolution
		SolutionGuid = {70282A33-4670-4C4F-88D4-004A57801699}
	EndGlobalSection
EndGlobal
