
Microsoft Visual Studio Solution File, Format Version 12.00
# Visual Studio Version 17
VisualStudioVersion = 17.8.34330.188
MinimumVisualStudioVersion = 10.0.40219.1
Project("{FAE04EC0-301F-11D3-BF4B-00C04F79EFBC}") = "ListingNum_6_1", "ListingNum_6_1\ListingNum_6_1.csproj", "{6566EFA4-6A31-4842-994D-5CE0456DE63B}"
EndProject
Project("{FAE04EC0-301F-11D3-BF4B-00C04F79EFBC}") = "ListingNum_6_2", "ListingNum_6_2\ListingNum_6_2.csproj", "{5A380A13-3675-4A3C-B774-E6BCD29AD942}"
EndProject
Global
	GlobalSection(SolutionConfigurationPlatforms) = preSolution
		Debug|Any CPU = Debug|Any CPU
		Release|Any CPU = Release|Any CPU
	EndGlobalSection
	GlobalSection(ProjectConfigurationPlatforms) = postSolution
		{6566EFA4-6A31-4842-994D-5CE0456DE63B}.Debug|Any CPU.ActiveCfg = Debug|Any CPU
		{6566EFA4-6A31-4842-994D-5CE0456DE63B}.Debug|Any CPU.Build.0 = Debug|Any CPU
		{6566EFA4-6A31-4842-994D-5CE0456DE63B}.Release|Any CPU.ActiveCfg = Release|Any CPU
		{6566EFA4-6A31-4842-994D-5CE0456DE63B}.Release|Any CPU.Build.0 = Release|Any CPU
		{5A380A13-3675-4A3C-B774-E6BCD29AD942}.Debug|Any CPU.ActiveCfg = Debug|Any CPU
		{5A380A13-3675-4A3C-B774-E6BCD29AD942}.Debug|Any CPU.Build.0 = Debug|Any CPU
		{5A380A13-3675-4A3C-B774-E6BCD29AD942}.Release|Any CPU.ActiveCfg = Release|Any CPU
		{5A380A13-3675-4A3C-B774-E6BCD29AD942}.Release|Any CPU.Build.0 = Release|Any CPU
	EndGlobalSection
	GlobalSection(SolutionProperties) = preSolution
		HideSolutionNode = FALSE
	EndGlobalSection
	GlobalSection(ExtensibilityGlobals) = postSolution
		SolutionGuid = {70282A33-4670-4C4F-88D4-004A57801699}
	EndGlobalSection
EndGlobal
