
Microsoft Visual Studio Solution File, Format Version 12.00
# Visual Studio Version 17
VisualStudioVersion = 17.8.34330.188
MinimumVisualStudioVersion = 10.0.40219.1
Project("{FAE04EC0-301F-11D3-BF4B-00C04F79EFBC}") = "ListingNum_6_1", "ListingNum_6_1\ListingNum_6_1.csproj", "{6566EFA4-6A31-4842-994D-5CE0456DE63B}"
EndProject
Project("{FAE04EC0-301F-11D3-BF4B-00C04F79EFBC}") = "ListingNum_6_3", "ListingNum_6_2\ListingNum_6_3.csproj", "{5A380A13-3675-4A3C-B774-E6BCD29AD942}"
EndProject
Project("{FAE04EC0-301F-11D3-BF4B-00C04F79EFBC}") = "ListingNum_6_4", "ListingNum_6_4\ListingNum_6_4.csproj", "{0FA3BBDD-8412-48C3-AD29-A8D6FE2BD49F}"
EndProject
Project("{FAE04EC0-301F-11D3-BF4B-00C04F79EFBC}") = "ListingNum_6_5", "ListingNum_6_5\ListingNum_6_5.csproj", "{93073842-A7C1-4410-B5F2-3AB2274A5DF8}"
EndProject
Project("{FAE04EC0-301F-11D3-BF4B-00C04F79EFBC}") = "ListingNum_6_6", "ListingNum_6_6\ListingNum_6_6.csproj", "{6A062430-07C4-413C-8CE1-9B8F7D7D90C2}"
EndProject
Project("{FAE04EC0-301F-11D3-BF4B-00C04F79EFBC}") = "ListingNum_6_7", "ListingNum_6_7\ListingNum_6_7.csproj", "{3A3B43F6-A5E8-41F5-892D-B1BEDE927BC7}"
EndProject
Project("{FAE04EC0-301F-11D3-BF4B-00C04F79EFBC}") = "ListingNum_6_8", "ListingNum_6_8\ListingNum_6_8.csproj", "{F8C14C53-77A9-4AB6-853C-56A8CA580885}"
EndProject
Project("{FAE04EC0-301F-11D3-BF4B-00C04F79EFBC}") = "ListingNum_6_9", "Listing_6_9\ListingNum_6_9.csproj", "{65528CD6-F060-40CE-852D-057C1E62C855}"
EndProject
Project("{FAE04EC0-301F-11D3-BF4B-00C04F79EFBC}") = "HomeWork_6_01", "HomeWork_6_01\HomeWork_6_01.csproj", "{08936C85-CDD6-476B-B109-95CC9AC33C5F}"
EndProject
Project("{FAE04EC0-301F-11D3-BF4B-00C04F79EFBC}") = "HomeWork_6_02", "HomeWork_6_02\HomeWork_6_02.csproj", "{7D2C4C36-B0F9-48A3-BBFC-A162E9B898A7}"
EndProject
Global
	GlobalSection(SolutionConfigurationPlatforms) = preSolution
		Debug|Any CPU = Debug|Any CPU
		Release|Any CPU = Release|Any CPU
	EndGlobalSection
	GlobalSection(ProjectConfigurationPlatforms) = postSolution
		{6566EFA4-6A31-4842-994D-5CE0456DE63B}.Debug|Any CPU.ActiveCfg = Debug|Any CPU
		{6566EFA4-6A31-4842-994D-5CE0456DE63B}.Debug|Any CPU.Build.0 = Debug|Any CPU
		{6566EFA4-6A31-4842-994D-5CE0456DE63B}.Release|Any CPU.ActiveCfg = Release|Any CPU
		{6566EFA4-6A31-4842-994D-5CE0456DE63B}.Release|Any CPU.Build.0 = Release|Any CPU
		{5A380A13-3675-4A3C-B774-E6BCD29AD942}.Debug|Any CPU.ActiveCfg = Debug|Any CPU
		{5A380A13-3675-4A3C-B774-E6BCD29AD942}.Debug|Any CPU.Build.0 = Debug|Any CPU
		{5A380A13-3675-4A3C-B774-E6BCD29AD942}.Release|Any CPU.ActiveCfg = Release|Any CPU
		{5A380A13-3675-4A3C-B774-E6BCD29AD942}.Release|Any CPU.Build.0 = Release|Any CPU
		{0FA3BBDD-8412-48C3-AD29-A8D6FE2BD49F}.Debug|Any CPU.ActiveCfg = Debug|Any CPU
		{0FA3BBDD-8412-48C3-AD29-A8D6FE2BD49F}.Debug|Any CPU.Build.0 = Debug|Any CPU
		{0FA3BBDD-8412-48C3-AD29-A8D6FE2BD49F}.Release|Any CPU.ActiveCfg = Release|Any CPU
		{0FA3BBDD-8412-48C3-AD29-A8D6FE2BD49F}.Release|Any CPU.Build.0 = Release|Any CPU
		{93073842-A7C1-4410-B5F2-3AB2274A5DF8}.Debug|Any CPU.ActiveCfg = Debug|Any CPU
		{93073842-A7C1-4410-B5F2-3AB2274A5DF8}.Debug|Any CPU.Build.0 = Debug|Any CPU
		{93073842-A7C1-4410-B5F2-3AB2274A5DF8}.Release|Any CPU.ActiveCfg = Release|Any CPU
		{93073842-A7C1-4410-B5F2-3AB2274A5DF8}.Release|Any CPU.Build.0 = Release|Any CPU
		{6A062430-07C4-413C-8CE1-9B8F7D7D90C2}.Debug|Any CPU.ActiveCfg = Debug|Any CPU
		{6A062430-07C4-413C-8CE1-9B8F7D7D90C2}.Debug|Any CPU.Build.0 = Debug|Any CPU
		{6A062430-07C4-413C-8CE1-9B8F7D7D90C2}.Release|Any CPU.ActiveCfg = Release|Any CPU
		{6A062430-07C4-413C-8CE1-9B8F7D7D90C2}.Release|Any CPU.Build.0 = Release|Any CPU
		{3A3B43F6-A5E8-41F5-892D-B1BEDE927BC7}.Debug|Any CPU.ActiveCfg = Debug|Any CPU
		{3A3B43F6-A5E8-41F5-892D-B1BEDE927BC7}.Debug|Any CPU.Build.0 = Debug|Any CPU
		{3A3B43F6-A5E8-41F5-892D-B1BEDE927BC7}.Release|Any CPU.ActiveCfg = Release|Any CPU
		{3A3B43F6-A5E8-41F5-892D-B1BEDE927BC7}.Release|Any CPU.Build.0 = Release|Any CPU
		{F8C14C53-77A9-4AB6-853C-56A8CA580885}.Debug|Any CPU.ActiveCfg = Debug|Any CPU
		{F8C14C53-77A9-4AB6-853C-56A8CA580885}.Debug|Any CPU.Build.0 = Debug|Any CPU
		{F8C14C53-77A9-4AB6-853C-56A8CA580885}.Release|Any CPU.ActiveCfg = Release|Any CPU
		{F8C14C53-77A9-4AB6-853C-56A8CA580885}.Release|Any CPU.Build.0 = Release|Any CPU
		{65528CD6-F060-40CE-852D-057C1E62C855}.Debug|Any CPU.ActiveCfg = Debug|Any CPU
		{65528CD6-F060-40CE-852D-057C1E62C855}.Debug|Any CPU.Build.0 = Debug|Any CPU
		{65528CD6-F060-40CE-852D-057C1E62C855}.Release|Any CPU.ActiveCfg = Release|Any CPU
		{65528CD6-F060-40CE-852D-057C1E62C855}.Release|Any CPU.Build.0 = Release|Any CPU
		{08936C85-CDD6-476B-B109-95CC9AC33C5F}.Debug|Any CPU.ActiveCfg = Debug|Any CPU
		{08936C85-CDD6-476B-B109-95CC9AC33C5F}.Debug|Any CPU.Build.0 = Debug|Any CPU
		{08936C85-CDD6-476B-B109-95CC9AC33C5F}.Release|Any CPU.ActiveCfg = Release|Any CPU
		{08936C85-CDD6-476B-B109-95CC9AC33C5F}.Release|Any CPU.Build.0 = Release|Any CPU
		{7D2C4C36-B0F9-48A3-BBFC-A162E9B898A7}.Debug|Any CPU.ActiveCfg = Debug|Any CPU
		{7D2C4C36-B0F9-48A3-BBFC-A162E9B898A7}.Debug|Any CPU.Build.0 = Debug|Any CPU
		{7D2C4C36-B0F9-48A3-BBFC-A162E9B898A7}.Release|Any CPU.ActiveCfg = Release|Any CPU
		{7D2C4C36-B0F9-48A3-BBFC-A162E9B898A7}.Release|Any CPU.Build.0 = Release|Any CPU
	EndGlobalSection
	GlobalSection(SolutionProperties) = preSolution
		HideSolutionNode = FALSE
	EndGlobalSection
	GlobalSection(ExtensibilityGlobals) = postSolution
		SolutionGuid = {70282A33-4670-4C4F-88D4-004A57801699}
	EndGlobalSection
EndGlobal
